
Microsoft Visual Studio Solution File, Format Version 12.00
# Visual Studio Version 17
VisualStudioVersion = 17.5.002.0
MinimumVisualStudioVersion = 10.0.40219.1
Project("{9A19103F-16F7-4668-BE54-9A1E7A4F7556}") = "PiPxForms", "PiPxForms.csproj", "{7049AF98-E3DE-4973-A536-D5D7EC38D190}"
EndProject
Global
	GlobalSection(SolutionConfigurationPlatforms) = preSolution
		Debug|Any CPU = Debug|Any CPU
		Release|Any CPU = Release|Any CPU
	EndGlobalSection
	GlobalSection(ProjectConfigurationPlatforms) = postSolution
		{7049AF98-E3DE-4973-A536-D5D7EC38D190}.Debug|Any CPU.ActiveCfg = Debug|Any CPU
		{7049AF98-E3DE-4973-A536-D5D7EC38D190}.Debug|Any CPU.Build.0 = Debug|Any CPU
		{7049AF98-E3DE-4973-A536-D5D7EC38D190}.Release|Any CPU.ActiveCfg = Release|Any CPU
		{7049AF98-E3DE-4973-A536-D5D7EC38D190}.Release|Any CPU.Build.0 = Release|Any CPU
	EndGlobalSection
	GlobalSection(SolutionProperties) = preSolution
		HideSolutionNode = FALSE
	EndGlobalSection
	GlobalSection(ExtensibilityGlobals) = postSolution
		SolutionGuid = {CBEB71EA-E27C-4982-AB0A-CEC66C312569}
	EndGlobalSection
EndGlobal
